
Microsoft Visual Studio Solution File, Format Version 12.00
# Visual Studio Version 17
VisualStudioVersion = 17.2.32516.85
MinimumVisualStudioVersion = 10.0.40219.1
Project("{9A19103F-16F7-4668-BE54-9A1E7A4F7556}") = "TicketManager.Domain", "TicketManager.Domain\TicketManager.Domain.csproj", "{A557B71C-21E5-41E2-86DA-147ED4954ED9}"
EndProject
Project("{2150E333-8FDC-42A3-9474-1A3956D46DE8}") = "1 - Domain", "1 - Domain", "{4E0E57D5-C6B3-4DD7-ADD1-0DDB7A295B6F}"
EndProject
Project("{2150E333-8FDC-42A3-9474-1A3956D46DE8}") = "2 - Application", "2 - Application", "{B9E54257-5DCD-4508-942F-9604B73A2CE1}"
EndProject
Project("{9A19103F-16F7-4668-BE54-9A1E7A4F7556}") = "TicketManager.Application", "TicketManager.Application\TicketManager.Application.csproj", "{32B2C934-A116-4B72-8EEC-7821193537B7}"
EndProject
Project("{2150E333-8FDC-42A3-9474-1A3956D46DE8}") = "3 - Infra", "3 - Infra", "{D0BA4FC8-791F-4C94-A06C-1BF7A0E71D2A}"
EndProject
Project("{9A19103F-16F7-4668-BE54-9A1E7A4F7556}") = "TicketManager.Infra", "TicketManager.Infra\TicketManager.Infra.csproj", "{A29CD9E2-F129-4E9C-A6C8-9AB94527D66B}"
EndProject
Project("{2150E333-8FDC-42A3-9474-1A3956D46DE8}") = "4 - IoC", "4 - IoC", "{437782E1-FC42-44EB-8611-B79AF02E1B26}"
EndProject
Project("{9A19103F-16F7-4668-BE54-9A1E7A4F7556}") = "TicketManager.IoC", "TicketManager.IoC\TicketManager.IoC.csproj", "{75BC823E-CBD5-4DAA-948F-BA0F4D30809D}"
EndProject
Project("{2150E333-8FDC-42A3-9474-1A3956D46DE8}") = "6 - Presentation", "6 - Presentation", "{C575683B-17E8-49CC-B64E-F63EC0658439}"
EndProject
Project("{9A19103F-16F7-4668-BE54-9A1E7A4F7556}") = "TicketManager.Presentation.Api", "TicketManager.Presentation.Api\TicketManager.Presentation.Api.csproj", "{A5DE5129-CD22-4E8E-982E-5D3C7EF03F45}"
EndProject
Project("{2150E333-8FDC-42A3-9474-1A3956D46DE8}") = "0 - Shared", "0 - Shared", "{DA4DD9FF-3368-4DF4-B450-51F841949E8A}"
EndProject
Project("{FAE04EC0-301F-11D3-BF4B-00C04F79EFBC}") = "TicketManager.Shared", "TicketManager.Shared\TicketManager.Shared.csproj", "{0D85EFC8-897D-4418-A05D-FD9DD9DD3F92}"
EndProject
Global
	GlobalSection(SolutionConfigurationPlatforms) = preSolution
		Debug|Any CPU = Debug|Any CPU
		Release|Any CPU = Release|Any CPU
	EndGlobalSection
	GlobalSection(ProjectConfigurationPlatforms) = postSolution
		{A557B71C-21E5-41E2-86DA-147ED4954ED9}.Debug|Any CPU.ActiveCfg = Debug|Any CPU
		{A557B71C-21E5-41E2-86DA-147ED4954ED9}.Debug|Any CPU.Build.0 = Debug|Any CPU
		{A557B71C-21E5-41E2-86DA-147ED4954ED9}.Release|Any CPU.ActiveCfg = Release|Any CPU
		{A557B71C-21E5-41E2-86DA-147ED4954ED9}.Release|Any CPU.Build.0 = Release|Any CPU
		{32B2C934-A116-4B72-8EEC-7821193537B7}.Debug|Any CPU.ActiveCfg = Debug|Any CPU
		{32B2C934-A116-4B72-8EEC-7821193537B7}.Debug|Any CPU.Build.0 = Debug|Any CPU
		{32B2C934-A116-4B72-8EEC-7821193537B7}.Release|Any CPU.ActiveCfg = Release|Any CPU
		{32B2C934-A116-4B72-8EEC-7821193537B7}.Release|Any CPU.Build.0 = Release|Any CPU
		{A29CD9E2-F129-4E9C-A6C8-9AB94527D66B}.Debug|Any CPU.ActiveCfg = Debug|Any CPU
		{A29CD9E2-F129-4E9C-A6C8-9AB94527D66B}.Debug|Any CPU.Build.0 = Debug|Any CPU
		{A29CD9E2-F129-4E9C-A6C8-9AB94527D66B}.Release|Any CPU.ActiveCfg = Release|Any CPU
		{A29CD9E2-F129-4E9C-A6C8-9AB94527D66B}.Release|Any CPU.Build.0 = Release|Any CPU
		{75BC823E-CBD5-4DAA-948F-BA0F4D30809D}.Debug|Any CPU.ActiveCfg = Debug|Any CPU
		{75BC823E-CBD5-4DAA-948F-BA0F4D30809D}.Debug|Any CPU.Build.0 = Debug|Any CPU
		{75BC823E-CBD5-4DAA-948F-BA0F4D30809D}.Release|Any CPU.ActiveCfg = Release|Any CPU
		{75BC823E-CBD5-4DAA-948F-BA0F4D30809D}.Release|Any CPU.Build.0 = Release|Any CPU
		{A5DE5129-CD22-4E8E-982E-5D3C7EF03F45}.Debug|Any CPU.ActiveCfg = Debug|Any CPU
		{A5DE5129-CD22-4E8E-982E-5D3C7EF03F45}.Debug|Any CPU.Build.0 = Debug|Any CPU
		{A5DE5129-CD22-4E8E-982E-5D3C7EF03F45}.Release|Any CPU.ActiveCfg = Release|Any CPU
		{A5DE5129-CD22-4E8E-982E-5D3C7EF03F45}.Release|Any CPU.Build.0 = Release|Any CPU
		{0D85EFC8-897D-4418-A05D-FD9DD9DD3F92}.Debug|Any CPU.ActiveCfg = Debug|Any CPU
		{0D85EFC8-897D-4418-A05D-FD9DD9DD3F92}.Debug|Any CPU.Build.0 = Debug|Any CPU
		{0D85EFC8-897D-4418-A05D-FD9DD9DD3F92}.Release|Any CPU.ActiveCfg = Release|Any CPU
		{0D85EFC8-897D-4418-A05D-FD9DD9DD3F92}.Release|Any CPU.Build.0 = Release|Any CPU
	EndGlobalSection
	GlobalSection(SolutionProperties) = preSolution
		HideSolutionNode = FALSE
	EndGlobalSection
	GlobalSection(NestedProjects) = preSolution
		{A557B71C-21E5-41E2-86DA-147ED4954ED9} = {4E0E57D5-C6B3-4DD7-ADD1-0DDB7A295B6F}
		{32B2C934-A116-4B72-8EEC-7821193537B7} = {B9E54257-5DCD-4508-942F-9604B73A2CE1}
		{A29CD9E2-F129-4E9C-A6C8-9AB94527D66B} = {D0BA4FC8-791F-4C94-A06C-1BF7A0E71D2A}
		{75BC823E-CBD5-4DAA-948F-BA0F4D30809D} = {437782E1-FC42-44EB-8611-B79AF02E1B26}
		{A5DE5129-CD22-4E8E-982E-5D3C7EF03F45} = {C575683B-17E8-49CC-B64E-F63EC0658439}
		{0D85EFC8-897D-4418-A05D-FD9DD9DD3F92} = {DA4DD9FF-3368-4DF4-B450-51F841949E8A}
	EndGlobalSection
	GlobalSection(ExtensibilityGlobals) = postSolution
		SolutionGuid = {3C9C6416-79E7-4BC4-94A2-71025C70A159}
	EndGlobalSection
EndGlobal
